// !$*UTF8*$!
{
	archiveVersion = 1;
	classes = {
	};
	objectVersion = 48;
	objects = {

/* Begin PBXBuildFile section */
		01A39D859E16E05376A6AD05 /* Pods_EasySign.framework in Frameworks */ = {isa = PBXBuildFile; fileRef = 257E41DEAF62EB2E1D546819 /* Pods_EasySign.framework */; };
		CC1153B221088833009D7BBC /* AppDelegate.swift in Sources */ = {isa = PBXBuildFile; fileRef = CC1153B121088833009D7BBC /* AppDelegate.swift */; };
		CC1153B421088833009D7BBC /* ViewController.swift in Sources */ = {isa = PBXBuildFile; fileRef = CC1153B321088833009D7BBC /* ViewController.swift */; };
		CC1153B721088833009D7BBC /* Main.storyboard in Resources */ = {isa = PBXBuildFile; fileRef = CC1153B521088833009D7BBC /* Main.storyboard */; };
		CC1153B921088834009D7BBC /* Assets.xcassets in Resources */ = {isa = PBXBuildFile; fileRef = CC1153B821088834009D7BBC /* Assets.xcassets */; };
		CC1153BC21088834009D7BBC /* LaunchScreen.storyboard in Resources */ = {isa = PBXBuildFile; fileRef = CC1153BA21088834009D7BBC /* LaunchScreen.storyboard */; };
/* End PBXBuildFile section */

/* Begin PBXFileReference section */
		257E41DEAF62EB2E1D546819 /* Pods_EasySign.framework */ = {isa = PBXFileReference; explicitFileType = wrapper.framework; includeInIndex = 0; path = Pods_EasySign.framework; sourceTree = BUILT_PRODUCTS_DIR; };
		58FB5A8AD60B791F10977FB4 /* Pods-EasySign.release.xcconfig */ = {isa = PBXFileReference; includeInIndex = 1; lastKnownFileType = text.xcconfig; name = "Pods-EasySign.release.xcconfig"; path = "Pods/Target Support Files/Pods-EasySign/Pods-EasySign.release.xcconfig"; sourceTree = "<group>"; };
		C552860CC18C68FEDC1A3E42 /* Pods-EasySign.debug.xcconfig */ = {isa = PBXFileReference; includeInIndex = 1; lastKnownFileType = text.xcconfig; name = "Pods-EasySign.debug.xcconfig"; path = "Pods/Target Support Files/Pods-EasySign/Pods-EasySign.debug.xcconfig"; sourceTree = "<group>"; };
		CC1153AE21088832009D7BBC /* EasySign.app */ = {isa = PBXFileReference; explicitFileType = wrapper.application; includeInIndex = 0; path = EasySign.app; sourceTree = BUILT_PRODUCTS_DIR; };
		CC1153B121088833009D7BBC /* AppDelegate.swift */ = {isa = PBXFileReference; lastKnownFileType = sourcecode.swift; path = AppDelegate.swift; sourceTree = "<group>"; };
		CC1153B321088833009D7BBC /* ViewController.swift */ = {isa = PBXFileReference; lastKnownFileType = sourcecode.swift; path = ViewController.swift; sourceTree = "<group>"; };
		CC1153B621088833009D7BBC /* Base */ = {isa = PBXFileReference; lastKnownFileType = file.storyboard; name = Base; path = Base.lproj/Main.storyboard; sourceTree = "<group>"; };
		CC1153B821088834009D7BBC /* Assets.xcassets */ = {isa = PBXFileReference; lastKnownFileType = folder.assetcatalog; path = Assets.xcassets; sourceTree = "<group>"; };
		CC1153BB21088834009D7BBC /* Base */ = {isa = PBXFileReference; lastKnownFileType = file.storyboard; name = Base; path = Base.lproj/LaunchScreen.storyboard; sourceTree = "<group>"; };
		CC1153BD21088834009D7BBC /* Info.plist */ = {isa = PBXFileReference; lastKnownFileType = text.plist.xml; path = Info.plist; sourceTree = "<group>"; };
/* End PBXFileReference section */

/* Begin PBXFrameworksBuildPhase section */
		CC1153AB21088832009D7BBC /* Frameworks */ = {
			isa = PBXFrameworksBuildPhase;
			buildActionMask = 2147483647;
			files = (
				01A39D859E16E05376A6AD05 /* Pods_EasySign.framework in Frameworks */,
			);
			runOnlyForDeploymentPostprocessing = 0;
		};
/* End PBXFrameworksBuildPhase section */

/* Begin PBXGroup section */
		2B24F650CAB9088341A0F773 /* Pods */ = {
			isa = PBXGroup;
			children = (
				C552860CC18C68FEDC1A3E42 /* Pods-EasySign.debug.xcconfig */,
				58FB5A8AD60B791F10977FB4 /* Pods-EasySign.release.xcconfig */,
			);
			name = Pods;
			sourceTree = "<group>";
		};
		87332C603530F1102E37D7F2 /* Frameworks */ = {
			isa = PBXGroup;
			children = (
				257E41DEAF62EB2E1D546819 /* Pods_EasySign.framework */,
			);
			name = Frameworks;
			sourceTree = "<group>";
		};
		CC1153A521088832009D7BBC = {
			isa = PBXGroup;
			children = (
				CC1153B021088832009D7BBC /* EasySign */,
				CC1153AF21088832009D7BBC /* Products */,
				2B24F650CAB9088341A0F773 /* Pods */,
				87332C603530F1102E37D7F2 /* Frameworks */,
			);
			sourceTree = "<group>";
		};
		CC1153AF21088832009D7BBC /* Products */ = {
			isa = PBXGroup;
			children = (
				CC1153AE21088832009D7BBC /* EasySign.app */,
			);
			name = Products;
			sourceTree = "<group>";
		};
		CC1153B021088832009D7BBC /* EasySign */ = {
			isa = PBXGroup;
			children = (
				CC1153B121088833009D7BBC /* AppDelegate.swift */,
				CC1153B321088833009D7BBC /* ViewController.swift */,
				CC1153B521088833009D7BBC /* Main.storyboard */,
				CC1153B821088834009D7BBC /* Assets.xcassets */,
				CC1153BA21088834009D7BBC /* LaunchScreen.storyboard */,
				CC1153BD21088834009D7BBC /* Info.plist */,
			);
			path = EasySign;
			sourceTree = "<group>";
		};
/* End PBXGroup section */

/* Begin PBXNativeTarget section */
		CC1153AD21088832009D7BBC /* EasySign */ = {
			isa = PBXNativeTarget;
			buildConfigurationList = CC1153C021088834009D7BBC /* Build configuration list for PBXNativeTarget "EasySign" */;
			buildPhases = (
				75CCDDB5A0619305692C6C9A /* [CP] Check Pods Manifest.lock */,
				CC1153AA21088832009D7BBC /* Sources */,
				CC1153AB21088832009D7BBC /* Frameworks */,
				CC1153AC21088832009D7BBC /* Resources */,
				F8DBA9D0DD434B28C42CA892 /* [CP] Embed Pods Frameworks */,
			);
			buildRules = (
			);
			dependencies = (
			);
			name = EasySign;
			productName = EasySign;
			productReference = CC1153AE21088832009D7BBC /* EasySign.app */;
			productType = "com.apple.product-type.application";
		};
/* End PBXNativeTarget section */

/* Begin PBXProject section */
		CC1153A621088832009D7BBC /* Project object */ = {
			isa = PBXProject;
			attributes = {
				LastSwiftUpdateCheck = 0940;
				LastUpgradeCheck = 0940;
				ORGANIZATIONNAME = "장한솔";
				TargetAttributes = {
					CC1153AD21088832009D7BBC = {
						CreatedOnToolsVersion = 9.4.1;
						ProvisioningStyle = Automatic;
					};
				};
			};
			buildConfigurationList = CC1153A921088832009D7BBC /* Build configuration list for PBXProject "EasySign" */;
			compatibilityVersion = "Xcode 8.0";
			developmentRegion = en;
			hasScannedForEncodings = 0;
			knownRegions = (
				en,
				Base,
			);
			mainGroup = CC1153A521088832009D7BBC;
			productRefGroup = CC1153AF21088832009D7BBC /* Products */;
			projectDirPath = "";
			projectRoot = "";
			targets = (
				CC1153AD21088832009D7BBC /* EasySign */,
			);
		};
/* End PBXProject section */

/* Begin PBXResourcesBuildPhase section */
		CC1153AC21088832009D7BBC /* Resources */ = {
			isa = PBXResourcesBuildPhase;
			buildActionMask = 2147483647;
			files = (
				CC1153BC21088834009D7BBC /* LaunchScreen.storyboard in Resources */,
				CC1153B921088834009D7BBC /* Assets.xcassets in Resources */,
				CC1153B721088833009D7BBC /* Main.storyboard in Resources */,
			);
			runOnlyForDeploymentPostprocessing = 0;
		};
/* End PBXResourcesBuildPhase section */

/* Begin PBXShellScriptBuildPhase section */
		75CCDDB5A0619305692C6C9A /* [CP] Check Pods Manifest.lock */ = {
			isa = PBXShellScriptBuildPhase;
			buildActionMask = 2147483647;
			files = (
			);
			inputPaths = (
				"${PODS_PODFILE_DIR_PATH}/Podfile.lock",
				"${PODS_ROOT}/Manifest.lock",
			);
			name = "[CP] Check Pods Manifest.lock";
			outputPaths = (
				"$(DERIVED_FILE_DIR)/Pods-EasySign-checkManifestLockResult.txt",
			);
			runOnlyForDeploymentPostprocessing = 0;
			shellPath = /bin/sh;
			shellScript = "diff \"${PODS_PODFILE_DIR_PATH}/Podfile.lock\" \"${PODS_ROOT}/Manifest.lock\" > /dev/null\nif [ $? != 0 ] ; then\n    # print error to STDERR\n    echo \"error: The sandbox is not in sync with the Podfile.lock. Run 'pod install' or update your CocoaPods installation.\" >&2\n    exit 1\nfi\n# This output is used by Xcode 'outputs' to avoid re-running this script phase.\necho \"SUCCESS\" > \"${SCRIPT_OUTPUT_FILE_0}\"\n";
			showEnvVarsInLog = 0;
		};
		F8DBA9D0DD434B28C42CA892 /* [CP] Embed Pods Frameworks */ = {
			isa = PBXShellScriptBuildPhase;
			buildActionMask = 2147483647;
			files = (
			);
			inputPaths = (
				"${SRCROOT}/Pods/Target Support Files/Pods-EasySign/Pods-EasySign-frameworks.sh",
				"${BUILT_PRODUCTS_DIR}/Alamofire/Alamofire.framework",
				"${PODS_ROOT}/naveridlogin-sdk-ios/NaverThirdPartyLogin.framework",
			);
			name = "[CP] Embed Pods Frameworks";
			outputPaths = (
				"${TARGET_BUILD_DIR}/${FRAMEWORKS_FOLDER_PATH}/Alamofire.framework",
				"${TARGET_BUILD_DIR}/${FRAMEWORKS_FOLDER_PATH}/NaverThirdPartyLogin.framework",
			);
			runOnlyForDeploymentPostprocessing = 0;
			shellPath = /bin/sh;
			shellScript = "\"${SRCROOT}/Pods/Target Support Files/Pods-EasySign/Pods-EasySign-frameworks.sh\"\n";
			showEnvVarsInLog = 0;
		};
/* End PBXShellScriptBuildPhase section */

/* Begin PBXSourcesBuildPhase section */
		CC1153AA21088832009D7BBC /* Sources */ = {
			isa = PBXSourcesBuildPhase;
			buildActionMask = 2147483647;
			files = (
				CC1153B421088833009D7BBC /* ViewController.swift in Sources */,
				CC1153B221088833009D7BBC /* AppDelegate.swift in Sources */,
			);
			runOnlyForDeploymentPostprocessing = 0;
		};
/* End PBXSourcesBuildPhase section */

/* Begin PBXVariantGroup section */
		CC1153B521088833009D7BBC /* Main.storyboard */ = {
			isa = PBXVariantGroup;
			children = (
				CC1153B621088833009D7BBC /* Base */,
			);
			name = Main.storyboard;
			sourceTree = "<group>";
		};
		CC1153BA21088834009D7BBC /* LaunchScreen.storyboard */ = {
			isa = PBXVariantGroup;
			children = (
				CC1153BB21088834009D7BBC /* Base */,
			);
			name = LaunchScreen.storyboard;
			sourceTree = "<group>";
		};
/* End PBXVariantGroup section */

/* Begin XCBuildConfiguration section */
		CC1153BE21088834009D7BBC /* Debug */ = {
			isa = XCBuildConfiguration;
			buildSettings = {
				ALWAYS_SEARCH_USER_PATHS = NO;
				CLANG_ANALYZER_NONNULL = YES;
				CLANG_ANALYZER_NUMBER_OBJECT_CONVERSION = YES_AGGRESSIVE;
				CLANG_CXX_LANGUAGE_STANDARD = "gnu++14";
				CLANG_CXX_LIBRARY = "libc++";
				CLANG_ENABLE_MODULES = YES;
				CLANG_ENABLE_OBJC_ARC = YES;
				CLANG_ENABLE_OBJC_WEAK = YES;
				CLANG_WARN_BLOCK_CAPTURE_AUTORELEASING = YES;
				CLANG_WARN_BOOL_CONVERSION = YES;
				CLANG_WARN_COMMA = YES;
				CLANG_WARN_CONSTANT_CONVERSION = YES;
				CLANG_WARN_DEPRECATED_OBJC_IMPLEMENTATIONS = YES;
				CLANG_WARN_DIRECT_OBJC_ISA_USAGE = YES_ERROR;
				CLANG_WARN_DOCUMENTATION_COMMENTS = YES;
				CLANG_WARN_EMPTY_BODY = YES;
				CLANG_WARN_ENUM_CONVERSION = YES;
				CLANG_WARN_INFINITE_RECURSION = YES;
				CLANG_WARN_INT_CONVERSION = YES;
				CLANG_WARN_NON_LITERAL_NULL_CONVERSION = YES;
				CLANG_WARN_OBJC_IMPLICIT_RETAIN_SELF = YES;
				CLANG_WARN_OBJC_LITERAL_CONVERSION = YES;
				CLANG_WARN_OBJC_ROOT_CLASS = YES_ERROR;
				CLANG_WARN_RANGE_LOOP_ANALYSIS = YES;
				CLANG_WARN_STRICT_PROTOTYPES = YES;
				CLANG_WARN_SUSPICIOUS_MOVE = YES;
				CLANG_WARN_UNGUARDED_AVAILABILITY = YES_AGGRESSIVE;
				CLANG_WARN_UNREACHABLE_CODE = YES;
				CLANG_WARN__DUPLICATE_METHOD_MATCH = YES;
				CODE_SIGN_IDENTITY = "iPhone Developer";
				COPY_PHASE_STRIP = NO;
				DEBUG_INFORMATION_FORMAT = dwarf;
				ENABLE_STRICT_OBJC_MSGSEND = YES;
				ENABLE_TESTABILITY = YES;
				GCC_C_LANGUAGE_STANDARD = gnu11;
				GCC_DYNAMIC_NO_PIC = NO;
				GCC_NO_COMMON_BLOCKS = YES;
				GCC_OPTIMIZATION_LEVEL = 0;
				GCC_PREPROCESSOR_DEFINITIONS = (
					"DEBUG=1",
					"$(inherited)",
				);
				GCC_WARN_64_TO_32_BIT_CONVERSION = YES;
				GCC_WARN_ABOUT_RETURN_TYPE = YES_ERROR;
				GCC_WARN_UNDECLARED_SELECTOR = YES;
				GCC_WARN_UNINITIALIZED_AUTOS = YES_AGGRESSIVE;
				GCC_WARN_UNUSED_FUNCTION = YES;
				GCC_WARN_UNUSED_VARIABLE = YES;
				IPHONEOS_DEPLOYMENT_TARGET = 11.4;
				MTL_ENABLE_DEBUG_INFO = YES;
				ONLY_ACTIVE_ARCH = YES;
				SDKROOT = iphoneos;
				SWIFT_ACTIVE_COMPILATION_CONDITIONS = DEBUG;
				SWIFT_OPTIMIZATION_LEVEL = "-Onone";
			};
			name = Debug;
		};
		CC1153BF21088834009D7BBC /* Release */ = {
			isa = XCBuildConfiguration;
			buildSettings = {
				ALWAYS_SEARCH_USER_PATHS = NO;
				CLANG_ANALYZER_NONNULL = YES;
				CLANG_ANALYZER_NUMBER_OBJECT_CONVERSION = YES_AGGRESSIVE;
				CLANG_CXX_LANGUAGE_STANDARD = "gnu++14";
				CLANG_CXX_LIBRARY = "libc++";
				CLANG_ENABLE_MODULES = YES;
				CLANG_ENABLE_OBJC_ARC = YES;
				CLANG_ENABLE_OBJC_WEAK = YES;
				CLANG_WARN_BLOCK_CAPTURE_AUTORELEASING = YES;
				CLANG_WARN_BOOL_CONVERSION = YES;
				CLANG_WARN_COMMA = YES;
				CLANG_WARN_CONSTANT_CONVERSION = YES;
				CLANG_WARN_DEPRECATED_OBJC_IMPLEMENTATIONS = YES;
				CLANG_WARN_DIRECT_OBJC_ISA_USAGE = YES_ERROR;
				CLANG_WARN_DOCUMENTATION_COMMENTS = YES;
				CLANG_WARN_EMPTY_BODY = YES;
				CLANG_WARN_ENUM_CONVERSION = YES;
				CLANG_WARN_INFINITE_RECURSION = YES;
				CLANG_WARN_INT_CONVERSION = YES;
				CLANG_WARN_NON_LITERAL_NULL_CONVERSION = YES;
				CLANG_WARN_OBJC_IMPLICIT_RETAIN_SELF = YES;
				CLANG_WARN_OBJC_LITERAL_CONVERSION = YES;
				CLANG_WARN_OBJC_ROOT_CLASS = YES_ERROR;
				CLANG_WARN_RANGE_LOOP_ANALYSIS = YES;
				CLANG_WARN_STRICT_PROTOTYPES = YES;
				CLANG_WARN_SUSPICIOUS_MOVE = YES;
				CLANG_WARN_UNGUARDED_AVAILABILITY = YES_AGGRESSIVE;
				CLANG_WARN_UNREACHABLE_CODE = YES;
				CLANG_WARN__DUPLICATE_METHOD_MATCH = YES;
				CODE_SIGN_IDENTITY = "iPhone Developer";
				COPY_PHASE_STRIP = NO;
				DEBUG_INFORMATION_FORMAT = "dwarf-with-dsym";
				ENABLE_NS_ASSERTIONS = NO;
				ENABLE_STRICT_OBJC_MSGSEND = YES;
				GCC_C_LANGUAGE_STANDARD = gnu11;
				GCC_NO_COMMON_BLOCKS = YES;
				GCC_WARN_64_TO_32_BIT_CONVERSION = YES;
				GCC_WARN_ABOUT_RETURN_TYPE = YES_ERROR;
				GCC_WARN_UNDECLARED_SELECTOR = YES;
				GCC_WARN_UNINITIALIZED_AUTOS = YES_AGGRESSIVE;
				GCC_WARN_UNUSED_FUNCTION = YES;
				GCC_WARN_UNUSED_VARIABLE = YES;
				IPHONEOS_DEPLOYMENT_TARGET = 11.4;
				MTL_ENABLE_DEBUG_INFO = NO;
				SDKROOT = iphoneos;
				SWIFT_OPTIMIZATION_LEVEL = "-Owholemodule";
				VALIDATE_PRODUCT = YES;
			};
			name = Release;
		};
		CC1153C121088834009D7BBC /* Debug */ = {
			isa = XCBuildConfiguration;
			baseConfigurationReference = C552860CC18C68FEDC1A3E42 /* Pods-EasySign.debug.xcconfig */;
			buildSettings = {
				ASSETCATALOG_COMPILER_APPICON_NAME = AppIcon;
				CODE_SIGN_STYLE = Automatic;
				DEVELOPMENT_TEAM = T5Y35W5FL6;
				INFOPLIST_FILE = EasySign/Info.plist;
				IPHONEOS_DEPLOYMENT_TARGET = 11.1;
				LD_RUNPATH_SEARCH_PATHS = "$(inherited) @executable_path/Frameworks";
				PRODUCT_BUNDLE_IDENTIFIER = hi.com.EasySign;
				PRODUCT_NAME = "$(TARGET_NAME)";
				SWIFT_VERSION = 4.0;
				TARGETED_DEVICE_FAMILY = "1,2";
			};
			name = Debug;
		};
		CC1153C221088834009D7BBC /* Release */ = {
			isa = XCBuildConfiguration;
			baseConfigurationReference = 58FB5A8AD60B791F10977FB4 /* Pods-EasySign.release.xcconfig */;
			buildSettings = {
				ASSETCATALOG_COMPILER_APPICON_NAME = AppIcon;
				CODE_SIGN_STYLE = Automatic;
				DEVELOPMENT_TEAM = T5Y35W5FL6;
				INFOPLIST_FILE = EasySign/Info.plist;
				IPHONEOS_DEPLOYMENT_TARGET = 11.1;
				LD_RUNPATH_SEARCH_PATHS = "$(inherited) @executable_path/Frameworks";
				PRODUCT_BUNDLE_IDENTIFIER = hi.com.EasySign;
				PRODUCT_NAME = "$(TARGET_NAME)";
				SWIFT_VERSION = 4.0;
				TARGETED_DEVICE_FAMILY = "1,2";
			};
			name = Release;
		};
/* End XCBuildConfiguration section */

/* Begin XCConfigurationList section */
		CC1153A921088832009D7BBC /* Build configuration list for PBXProject "EasySign" */ = {
			isa = XCConfigurationList;
			buildConfigurations = (
				CC1153BE21088834009D7BBC /* Debug */,
				CC1153BF21088834009D7BBC /* Release */,
			);
			defaultConfigurationIsVisible = 0;
			defaultConfigurationName = Release;
		};
		CC1153C021088834009D7BBC /* Build configuration list for PBXNativeTarget "EasySign" */ = {
			isa = XCConfigurationList;
			buildConfigurations = (
				CC1153C121088834009D7BBC /* Debug */,
				CC1153C221088834009D7BBC /* Release */,
			);
			defaultConfigurationIsVisible = 0;
			defaultConfigurationName = Release;
		};
/* End XCConfigurationList section */
	};
	rootObject = CC1153A621088832009D7BBC /* Project object */;
}
